
Microsoft Visual Studio Solution File, Format Version 12.00
# Visual Studio Version 17
VisualStudioVersion = 17.7.34221.43
MinimumVisualStudioVersion = 10.0.40219.1
Project("{9A19103F-16F7-4668-BE54-9A1E7A4F7556}") = "8_Queens", "8_Queens.csproj", "{5B8D26E5-3752-40B0-9A10-EBF329B3548E}"
EndProject
Global
	GlobalSection(SolutionConfigurationPlatforms) = preSolution
		Debug|Any CPU = Debug|Any CPU
		Release|Any CPU = Release|Any CPU
	EndGlobalSection
	GlobalSection(ProjectConfigurationPlatforms) = postSolution
		{5B8D26E5-3752-40B0-9A10-EBF329B3548E}.Debug|Any CPU.ActiveCfg = Debug|Any CPU
		{5B8D26E5-3752-40B0-9A10-EBF329B3548E}.Debug|Any CPU.Build.0 = Debug|Any CPU
		{5B8D26E5-3752-40B0-9A10-EBF329B3548E}.Release|Any CPU.ActiveCfg = Release|Any CPU
		{5B8D26E5-3752-40B0-9A10-EBF329B3548E}.Release|Any CPU.Build.0 = Release|Any CPU
	EndGlobalSection
	GlobalSection(SolutionProperties) = preSolution
		HideSolutionNode = FALSE
	EndGlobalSection
	GlobalSection(ExtensibilityGlobals) = postSolution
		SolutionGuid = {09C3A4FA-039F-4BC4-A6AC-183410003102}
	EndGlobalSection
EndGlobal
